
Microsoft Visual Studio Solution File, Format Version 12.00
# Visual Studio Version 17
VisualStudioVersion = 17.11.35327.3
MinimumVisualStudioVersion = 10.0.40219.1
Project("{888888A0-9F3D-457C-B088-3A5042F75D52}") = "sortPythonSort", "sortPythonSort\sortPythonSort.pyproj", "{2AB74081-0368-44BA-AAB5-2F3F2065C3CF}"
EndProject
Global
	GlobalSection(SolutionConfigurationPlatforms) = preSolution
		Debug|Any CPU = Debug|Any CPU
		Release|Any CPU = Release|Any CPU
	EndGlobalSection
	GlobalSection(ProjectConfigurationPlatforms) = postSolution
		{2AB74081-0368-44BA-AAB5-2F3F2065C3CF}.Debug|Any CPU.ActiveCfg = Debug|Any CPU
		{2AB74081-0368-44BA-AAB5-2F3F2065C3CF}.Release|Any CPU.ActiveCfg = Release|Any CPU
	EndGlobalSection
	GlobalSection(SolutionProperties) = preSolution
		HideSolutionNode = FALSE
	EndGlobalSection
	GlobalSection(ExtensibilityGlobals) = postSolution
		SolutionGuid = {CCF76081-46C0-47FD-8151-BA30E6FA789A}
	EndGlobalSection
EndGlobal
